{
  "name": "frontend-generador-de-boletas",
  "version": "0.0.0",
  "lockfileVersion": 1,
  "requires": true,
  "dependencies": {
    "@angular/animations": {
      "version": "10.2.1",
      "resolved": "https://registry.npmjs.org/@angular/animations/-/animations-10.2.1.tgz",
      "integrity": "sha512-WD3WGMLhGdvmBNIf9l+H3NwniQr+yBnTEOyUnsOokXsX3I5LYYPCR+3E/YBRDbbBuf4Y3v3sEkijHT5xZ+jQHw==",
      "requires": {
        "tslib": "^2.0.0"
      }
    },
    "@angular/common": {
      "version": "10.2.1",
      "resolved": "https://registry.npmjs.org/@angular/common/-/common-10.2.1.tgz",
      "integrity": "sha512-aJtgokgWxibd7wGmktHm0uYkR/lOrbcStrn6Qisj/PIJf9xTGXYFB0yusnk103aiuBfCIKq+Wl0ZGc1s81Okaw==",
      "requires": {
        "tslib": "^2.0.0"
      }
    },
    "@angular/compiler": {
      "version": "10.2.1",
      "resolved": "https://registry.npmjs.org/@angular/compiler/-/compiler-10.2.1.tgz",
      "integrity": "sha512-nJkRSqwQSGeudBWr9JK30Yi2yBvURYTKW4x4GxdW3YiEGBIlKU6aX6q5yi2xHdWO4AEgRs21ZjTs/wp00qnqTg==",
      "requires": {
        "tslib": "^2.0.0"
      }
    },
    "@angular/core": {
      "version": "10.2.1",
      "resolved": "https://registry.npmjs.org/@angular/core/-/core-10.2.1.tgz",
      "integrity": "sha512-zt9G5Ei1nxB6yVJqpiH7K6npaiEUrPWlDCq6vwXeJbmO3tbw2WWiqD55Wkx5hRfysY43swC5j7VveNytHidkkQ==",
      "requires": {
        "tslib": "^2.0.0"
      }
    },
    "@angular/forms": {
      "version": "10.2.1",
      "resolved": "https://registry.npmjs.org/@angular/forms/-/forms-10.2.1.tgz",
      "integrity": "sha512-cGJZRb/caqHeNLpl/f4uFUtCxF8hc1Jd1dkDzfxG3Ea3J96qNsApxWCdwI09aI6KyYADSvQKTjZcgdASmTr/cA==",
      "requires": {
        "tslib": "^2.0.0"
      }
    },
    "@angular/platform-browser": {
      "version": "10.2.1",
      "resolved": "https://registry.npmjs.org/@angular/platform-browser/-/platform-browser-10.2.1.tgz",
      "integrity": "sha512-kuxqntIbiyxHIgEopBXoO10HqsFQyzV8Y11+KcnIFN0tte7oOAc6REvUxnvtwKOyFOyYQFv0BhA1QCuddqytGA==",
      "requires": {
        "tslib": "^2.0.0"
      }
    },
    "@angular/platform-browser-dynamic": {
      "version": "10.2.1",
      "resolved": "https://registry.npmjs.org/@angular/platform-browser-dynamic/-/platform-browser-dynamic-10.2.1.tgz",
      "integrity": "sha512-AyN3dchRIHTXrN8lSni7PfZTHuJcQ4Qp3ZCunxal3dmfIqWKHBCvotJX02UXVPqVC/9qvnyZ1Ezvfw5vx8MVEg==",
      "requires": {
        "tslib": "^2.0.0"
      }
    },
    "@angular/router": {
      "version": "10.2.1",
      "resolved": "https://registry.npmjs.org/@angular/router/-/router-10.2.1.tgz",
      "integrity": "sha512-w2iS/gq4dcPd4cPGgd7HGEANg5BfE+fg0cI81ah7e79OatDP+Y1atxmNXyF50gCxl8x6WDnUiNu8nfjTebgRAw==",
      "requires": {
        "tslib": "^2.0.0"
      }
    },
    "bulma": {
      "version": "0.9.1",
      "resolved": "https://registry.npmjs.org/bulma/-/bulma-0.9.1.tgz",
      "integrity": "sha512-LSF69OumXg2HSKl2+rN0/OEXJy7WFEb681wtBlNS/ulJYR27J3rORHibdXZ6GVb/vyUzzYK/Arjyh56wjbFedA=="
    },
    "core-js": {
      "version": "3.6.5",
      "resolved": "https://registry.npmjs.org/core-js/-/core-js-3.6.5.tgz",
      "integrity": "sha512-vZVEEwZoIsI+vPEuoF9Iqf5H7/M3eeQqWlQnYa8FSKKePuYTf5MWnxb5SDAzCa60b3JBRS5g9b+Dq7b1y/RCrA=="
    },
    "rxjs": {
      "version": "6.6.3",
      "resolved": "https://registry.npmjs.org/rxjs/-/rxjs-6.6.3.tgz",
      "integrity": "sha512-trsQc+xYYXZ3urjOiJOuCOa5N3jAZ3eiSpQB5hIT8zGlL2QfnHLJ2r7GMkBGuIausdJN1OneaI6gQlsqNHHmZQ==",
      "requires": {
        "tslib": "^1.9.0"
      },
      "dependencies": {
        "tslib": {
          "version": "1.14.1",
          "resolved": "https://registry.npmjs.org/tslib/-/tslib-1.14.1.tgz",
          "integrity": "sha512-Xni35NKzjgMrwevysHTCArtLDpPvye8zV/0E4EyYn43P7/7qvQwPh9BGkHewbMulVntbigmcT7rdX3BNo9wRJg=="
        }
      }
    },
    "tslib": {
      "version": "2.0.3",
      "resolved": "https://registry.npmjs.org/tslib/-/tslib-2.0.3.tgz",
      "integrity": "sha512-uZtkfKblCEQtZKBF6EBXVZeQNl82yqtDQdv+eck8u7tdPxjLu2/lp5/uPW+um2tpuxINHWy3GhiccY7QgEaVHQ=="
    },
    "zone.js": {
      "version": "0.11.2",
      "resolved": "https://registry.npmjs.org/zone.js/-/zone.js-0.11.2.tgz",
      "integrity": "sha512-JUpNKmWIovqRZlqkX6pFdBVlOU42n5Mt1n2yEaJdy+msBant/l2L1hTG6BFxCzM+KV3SX4XQOcwbhnwsPAeUTA==",
      "requires": {
        "tslib": "^2.0.0"
      }
    }
  }
}
